DEPENDENCIES
  balanced-rundeck
    path: ../balanced-rundeck
  role-balanced-commander
    path: .
    metadata: true
  rundeck
    path: ../rundeck

GRAPH
  apache2 (1.9.6)
    iptables (>= 0.0.0)
    logrotate (>= 0.0.0)
    pacman (>= 0.0.0)
  apt (2.6.0)
  balanced (1.2.48)
    balanced-apt (~> 1.0)
    balanced-collectd (~> 1.0)
    balanced-monit (~> 1.0)
    balanced-nginx (~> 1.1)
    balanced-rabbitmq (~> 1.0)
    balanced-rsyslog (~> 1.0)
    balanced-rump (~> 1.0)
    balanced-slurp (~> 1.0)
    balanced-supervisor (~> 1.0)
    logrotate (~> 1.4)
    postgresql (~> 99.13.1)
    varnish (~> 0.9.0)
    zookeeper (~> 1.4)
  balanced-apt (1.0.14)
    apt (~> 2.3)
    balanced-citadel (~> 1.0)
    poise (~> 1.0)
  balanced-citadel (1.0.2)
    citadel (>= 0.0.0)
  balanced-collectd (1.0.7)
    balanced-rsyslog (~> 1.0)
    build-essential (~> 2.0)
    citadel (~> 1.0)
    collectd (~> 1.0)
    logrotate (~> 1.4)
    python (~> 1.4)
  balanced-devpi (1.0.4)
    citadel (~> 1.0)
    devpi (~> 1.1)
    nginx (~> 2.0)
    python (~> 1.4)
    supervisor (~> 0.4.0)
  balanced-dns (1.0.2)
    balanced-citadel (~> 1.0)
    route53 (>= 0.0.0)
  balanced-monit (1.0.1)
    monit (~> 1.3)
  balanced-nginx (1.1.16)
    balanced-monit (~> 1.0)
    balanced-rsyslog (~> 1.0)
    balanced-supervisor (~> 1.0)
    newrelic-plugin-agent (~> 0.1.0)
    newrelic-sysmond (~> 1.3.5)
    nginx (~> 2.4)
    slurp (~> 1.0)
  balanced-postgresql (1.2.18)
    balanced-citadel (~> 1.0)
    balanced-collectd (~> 1.0)
    balanced-python (~> 1.0)
    balanced-rsyslog (~> 1.0)
    logrotate (~> 1.4)
    postgresql (~> 99.13.1)
    python (~> 1.4)
    xml (~> 1.2.2)
  balanced-python (1.0.0)
    python (>= 0.0.0)
  balanced-rabbitmq (1.0.24)
    balanced-apt (~> 1.0)
    balanced-citadel (~> 1.0)
    erlang (~> 1.3)
    newrelic-plugin-agent (~> 0.1.0)
    newrelic-sysmond (~> 1.3)
    rabbitmq (~> 2.3)
  balanced-rsyslog (1.0.2)
    logrotate (~> 1.2)
    rsyslog (~> 1.9)
  balanced-rump (1.2.14)
    balanced-monit (~> 1.0)
    balanced-nginx (~> 1.0)
    balanced-rsyslog (~> 1.0)
    balanced-supervisor (~> 1.0)
    logrotate (~> 1.4)
    python (~> 1.4)
    rump (~> 1.0)
    slurp (~> 1.0)
  balanced-rundeck (1.2.16)
    balanced-citadel (>= 0.0.0)
    balanced-user (~> 1.0.14)
    partial_search (~> 1.0.7)
    rundeck (~> 99.1.0)
    rundeck-fabric (~> 1.0.0)
  balanced-slurp (1.1.8)
    balanced-devpi (~> 1.0)
    balanced-rsyslog (~> 1.0)
    balanced-supervisor (~> 1.0)
    citadel (~> 1.0)
    logrotate (~> 1.4)
    python (~> 1.4)
    slurp (~> 1.0)
    sysctl (~> 0.4.0)
  balanced-supervisor (1.0.4)
    supervisor (~> 0.4.0)
  balanced-user (1.0.22)
    balanced-citadel (~> 1.0)
    poise (~> 1.0)
    sudo (~> 2.5)
    ulimit (~> 0.3)
    user (~> 0.3)
  bluepill (2.3.1)
    rsyslog (>= 0.0.0)
  build-essential (2.1.2)
  chef-client (3.3.8)
    cron (>= 1.2.0)
    logrotate (>= 1.2.0)
  chef-sentry-handler (0.0.1)
    chef_handler (>= 0.0.0)
  chef_handler (1.1.6)
  citadel (1.0.2)
  collectd (1.0.5)
    apache2 (>= 0.0.0)
  cron (1.3.0)
  devpi (1.1.0)
    nginx (>= 0.0.0)
    python (>= 0.0.0)
    runit (>= 0.0.0)
    supervisor (>= 0.0.0)
  dmg (2.2.0)
  erlang (1.5.2)
    apt (>= 1.7.0)
    build-essential (>= 0.0.0)
    yum (~> 3.0)
    yum-epel (>= 0.0.0)
    yum-erlang_solutions (>= 0.0.0)
  git (4.0.2)
    build-essential (>= 0.0.0)
    dmg (>= 0.0.0)
    runit (>= 1.0.0)
    windows (>= 0.0.0)
    yum (~> 3.0)
    yum-epel (>= 0.0.0)
  hostname (0.1.1)
    hostsfile (>= 0.0.0)
  hostsfile (2.4.4)
  htop (1.2.0)
    yum (>= 0.0.0)
  iptables (0.13.2)
  java (1.28.0)
  logrotate (1.5.0)
  monit (1.3.3)
  newrelic-plugin-agent (0.1.4)
    build-essential (>= 0.0.0)
    python (>= 0.0.0)
  newrelic-sysmond (1.3.5)
    apt (>= 1.9.2)
  nginx (2.4.4)
    apt (~> 2.2)
    bluepill (~> 2.3)
    build-essential (~> 2.0)
    ohai (~> 1.1)
    runit (~> 1.2)
    yum-epel (~> 0.3)
  ntp (1.6.2)
  ohai (1.1.12)
  pacman (1.1.1)
  partial_search (1.0.8)
  poise (1.0.10)
  poise-appenv (1.0.0)
  postfix (3.1.6)
  postgresql (99.13.1)
    apt (>= 1.9.0)
  precog (1.2.58)
    balanced-apt (~> 1.0)
    balanced-collectd (~> 1.0)
    balanced-monit (~> 1.0)
    balanced-nginx (~> 1.0)
    balanced-rabbitmq (~> 1.0)
    balanced-rsyslog (~> 1.0)
    balanced-slurp (~> 1.0)
    balanced-supervisor (~> 1.0)
    logrotate (~> 1.4)
    postgresql (~> 99.13.1)
  python (1.4.6)
    build-essential (>= 0.0.0)
    yum-epel (>= 0.0.0)
  rabbitmq (2.4.2)
    erlang (>= 0.9.0)
  role-balanced-commander (1.0.74)
    balanced (~> 1.2.48)
    balanced-devpi (~> 1.0)
    balanced-rundeck (~> 1.2.8)
    poise-appenv (~> 1.0)
    precog (~> 1.2.34)
    role-base (~> 1.0)
    rundeck-sql (~> 1.0.12)
  role-base (1.2.5)
    balanced-apt (~> 1.0)
    balanced-citadel (~> 1.0)
    balanced-dns (~> 1.0)
    balanced-rsyslog (~> 1.0)
    balanced-rundeck (~> 1.0)
    balanced-user (~> 1.0)
    build-essential (~> 2.0)
    chef-client (~> 3.1)
    chef-sentry-handler (>= 0.0.0)
    hostname (~> 0.1)
    htop (~> 1.2)
    newrelic-sysmond (~> 1.3)
    ntp (~> 1.0)
    postfix (~> 3.0)
    runit (~> 1.0)
    tmux (~> 1.4)
  route53 (99.0.1)
  rsyslog (1.12.2)
  rump (1.2.2)
    balanced-apt (>= 0.0.0)
    git (>= 0.0.0)
  rundeck (99.1.22)
    apt (>= 0.0.0)
    java (>= 0.0.0)
    poise (>= 0.0.0)
    runit (>= 0.0.0)
    yum (>= 0.0.0)
  rundeck-fabric (1.0.0)
    git (>= 0.0.0)
    python (>= 0.0.0)
    rundeck (~> 99.1.2)
  rundeck-sql (1.0.12)
    balanced-citadel (>= 0.0.0)
    balanced-postgresql (>= 0.0.0)
    git (>= 0.0.0)
    postfix (>= 0.0.0)
    rundeck (~> 99.1.0)
  runit (1.5.10)
    build-essential (>= 0.0.0)
    yum (~> 3.0)
    yum-epel (>= 0.0.0)
  slurp (1.0.0)
    balanced-apt (>= 0.0.0)
  sudo (2.5.2)
  supervisor (0.4.11)
    python (>= 0.0.0)
  sysctl (0.4.0)
  tmux (1.4.0)
  ulimit (0.3.2)
  user (0.3.0)
  varnish (0.9.12)
  windows (1.31.0)
    chef_handler (>= 0.0.0)
  xml (1.2.2)
    build-essential (>= 0.0.0)
  yum (3.4.1)
  yum-epel (0.5.2)
    yum (~> 3.0)
  yum-erlang_solutions (0.2.0)
    yum (~> 3.0)
  zookeeper (1.6.0)
    build-essential (>= 0.0.0)
    java (>= 0.0.0)
